
Microsoft Visual Studio Solution File, Format Version 12.00
# Visual Studio Version 17
VisualStudioVersion = 17.4.33213.308
MinimumVisualStudioVersion = 10.0.40219.1
Project("{2150E333-8FDC-42A3-9474-1A3956D46DE8}") = "src", "src", "{3259FEBD-2FD1-471E-99F4-42A8A5E9D5BD}"
EndProject
Project("{2150E333-8FDC-42A3-9474-1A3956D46DE8}") = "tests", "tests", "{0F8BBB61-371D-4376-AED5-E20FB7A48E2F}"
EndProject
Project("{2150E333-8FDC-42A3-9474-1A3956D46DE8}") = "Services", "Services", "{C231B47C-6250-4BF7-B3EA-4C1656E0BBD4}"
EndProject
Project("{2150E333-8FDC-42A3-9474-1A3956D46DE8}") = "BuildingBlocks", "BuildingBlocks", "{39FC8BAA-7FD0-48A5-B709-5AE56473905F}"
EndProject
Project("{9A19103F-16F7-4668-BE54-9A1E7A4F7556}") = "EventBus.Messages", "src\BuildingBlocks\EventBus.Messages\EventBus.Messages.csproj", "{27E75D9D-BA8C-4646-8CB7-4EA0160D6786}"
EndProject
Project("{9A19103F-16F7-4668-BE54-9A1E7A4F7556}") = "Utils", "src\BuildingBlocks\Utils\Utils.csproj", "{8B8EAAC8-F75C-49FB-B81E-7DBAED0A9EAE}"
EndProject
Project("{2150E333-8FDC-42A3-9474-1A3956D46DE8}") = "Matching", "Matching", "{837BCA1F-233D-446B-A3B2-329E93FF459B}"
EndProject
Project("{9A19103F-16F7-4668-BE54-9A1E7A4F7556}") = "Matching.Application", "src\Services\Matching\Matching.Application\Matching.Application.csproj", "{A051EE1F-8DB5-422D-B1FF-4184E94F90FA}"
EndProject
Project("{2150E333-8FDC-42A3-9474-1A3956D46DE8}") = "Services", "Services", "{EF889693-4D50-4A15-837E-9D58E1659E07}"
EndProject
Project("{2150E333-8FDC-42A3-9474-1A3956D46DE8}") = "Matching", "Matching", "{240B3513-1B5E-46DA-82EB-6D0E6329DE42}"
EndProject
Project("{9A19103F-16F7-4668-BE54-9A1E7A4F7556}") = "Matching.Api", "src\Services\Matching\Matching.Api\Matching.Api.csproj", "{F97B54D7-AEA5-43DF-9FF2-47E65D8DA992}"
EndProject
Project("{9A19103F-16F7-4668-BE54-9A1E7A4F7556}") = "Matching.Tests", "tests\Services\Matching\Matching.Tests\Matching.Tests.csproj", "{36DAAC94-49AE-4D54-83F0-B535636D7EA8}"
EndProject
Project("{9A19103F-16F7-4668-BE54-9A1E7A4F7556}") = "Application.Shared", "src\BuildingBlocks\Application.Shared\Application.Shared.csproj", "{A7EEEE73-4012-4FA9-8BFC-72F9DCB87FEE}"
EndProject
Project("{E53339B2-1760-4266-BCC7-CA923CBCF16C}") = "docker-compose", "docker-compose.dcproj", "{36157967-7185-4771-9AFE-DF6A895875D3}"
EndProject
Global
	GlobalSection(SolutionConfigurationPlatforms) = preSolution
		Debug|Any CPU = Debug|Any CPU
		Release|Any CPU = Release|Any CPU
	EndGlobalSection
	GlobalSection(ProjectConfigurationPlatforms) = postSolution
		{27E75D9D-BA8C-4646-8CB7-4EA0160D6786}.Debug|Any CPU.ActiveCfg = Debug|Any CPU
		{27E75D9D-BA8C-4646-8CB7-4EA0160D6786}.Debug|Any CPU.Build.0 = Debug|Any CPU
		{27E75D9D-BA8C-4646-8CB7-4EA0160D6786}.Release|Any CPU.ActiveCfg = Release|Any CPU
		{27E75D9D-BA8C-4646-8CB7-4EA0160D6786}.Release|Any CPU.Build.0 = Release|Any CPU
		{8B8EAAC8-F75C-49FB-B81E-7DBAED0A9EAE}.Debug|Any CPU.ActiveCfg = Debug|Any CPU
		{8B8EAAC8-F75C-49FB-B81E-7DBAED0A9EAE}.Debug|Any CPU.Build.0 = Debug|Any CPU
		{8B8EAAC8-F75C-49FB-B81E-7DBAED0A9EAE}.Release|Any CPU.ActiveCfg = Release|Any CPU
		{8B8EAAC8-F75C-49FB-B81E-7DBAED0A9EAE}.Release|Any CPU.Build.0 = Release|Any CPU
		{A051EE1F-8DB5-422D-B1FF-4184E94F90FA}.Debug|Any CPU.ActiveCfg = Debug|Any CPU
		{A051EE1F-8DB5-422D-B1FF-4184E94F90FA}.Debug|Any CPU.Build.0 = Debug|Any CPU
		{A051EE1F-8DB5-422D-B1FF-4184E94F90FA}.Release|Any CPU.ActiveCfg = Release|Any CPU
		{A051EE1F-8DB5-422D-B1FF-4184E94F90FA}.Release|Any CPU.Build.0 = Release|Any CPU
		{F97B54D7-AEA5-43DF-9FF2-47E65D8DA992}.Debug|Any CPU.ActiveCfg = Debug|Any CPU
		{F97B54D7-AEA5-43DF-9FF2-47E65D8DA992}.Debug|Any CPU.Build.0 = Debug|Any CPU
		{F97B54D7-AEA5-43DF-9FF2-47E65D8DA992}.Release|Any CPU.ActiveCfg = Release|Any CPU
		{F97B54D7-AEA5-43DF-9FF2-47E65D8DA992}.Release|Any CPU.Build.0 = Release|Any CPU
		{36DAAC94-49AE-4D54-83F0-B535636D7EA8}.Debug|Any CPU.ActiveCfg = Debug|Any CPU
		{36DAAC94-49AE-4D54-83F0-B535636D7EA8}.Debug|Any CPU.Build.0 = Debug|Any CPU
		{36DAAC94-49AE-4D54-83F0-B535636D7EA8}.Release|Any CPU.ActiveCfg = Release|Any CPU
		{36DAAC94-49AE-4D54-83F0-B535636D7EA8}.Release|Any CPU.Build.0 = Release|Any CPU
		{A7EEEE73-4012-4FA9-8BFC-72F9DCB87FEE}.Debug|Any CPU.ActiveCfg = Debug|Any CPU
		{A7EEEE73-4012-4FA9-8BFC-72F9DCB87FEE}.Debug|Any CPU.Build.0 = Debug|Any CPU
		{A7EEEE73-4012-4FA9-8BFC-72F9DCB87FEE}.Release|Any CPU.ActiveCfg = Release|Any CPU
		{A7EEEE73-4012-4FA9-8BFC-72F9DCB87FEE}.Release|Any CPU.Build.0 = Release|Any CPU
		{36157967-7185-4771-9AFE-DF6A895875D3}.Debug|Any CPU.ActiveCfg = Debug|Any CPU
		{36157967-7185-4771-9AFE-DF6A895875D3}.Debug|Any CPU.Build.0 = Debug|Any CPU
		{36157967-7185-4771-9AFE-DF6A895875D3}.Release|Any CPU.ActiveCfg = Release|Any CPU
		{36157967-7185-4771-9AFE-DF6A895875D3}.Release|Any CPU.Build.0 = Release|Any CPU
	EndGlobalSection
	GlobalSection(SolutionProperties) = preSolution
		HideSolutionNode = FALSE
	EndGlobalSection
	GlobalSection(NestedProjects) = preSolution
		{C231B47C-6250-4BF7-B3EA-4C1656E0BBD4} = {3259FEBD-2FD1-471E-99F4-42A8A5E9D5BD}
		{39FC8BAA-7FD0-48A5-B709-5AE56473905F} = {3259FEBD-2FD1-471E-99F4-42A8A5E9D5BD}
		{27E75D9D-BA8C-4646-8CB7-4EA0160D6786} = {39FC8BAA-7FD0-48A5-B709-5AE56473905F}
		{8B8EAAC8-F75C-49FB-B81E-7DBAED0A9EAE} = {39FC8BAA-7FD0-48A5-B709-5AE56473905F}
		{837BCA1F-233D-446B-A3B2-329E93FF459B} = {C231B47C-6250-4BF7-B3EA-4C1656E0BBD4}
		{A051EE1F-8DB5-422D-B1FF-4184E94F90FA} = {837BCA1F-233D-446B-A3B2-329E93FF459B}
		{EF889693-4D50-4A15-837E-9D58E1659E07} = {0F8BBB61-371D-4376-AED5-E20FB7A48E2F}
		{240B3513-1B5E-46DA-82EB-6D0E6329DE42} = {EF889693-4D50-4A15-837E-9D58E1659E07}
		{F97B54D7-AEA5-43DF-9FF2-47E65D8DA992} = {837BCA1F-233D-446B-A3B2-329E93FF459B}
		{36DAAC94-49AE-4D54-83F0-B535636D7EA8} = {240B3513-1B5E-46DA-82EB-6D0E6329DE42}
		{A7EEEE73-4012-4FA9-8BFC-72F9DCB87FEE} = {39FC8BAA-7FD0-48A5-B709-5AE56473905F}
	EndGlobalSection
	GlobalSection(ExtensibilityGlobals) = postSolution
		SolutionGuid = {1DDF90C7-0571-496D-8C79-410BDA04DC96}
	EndGlobalSection
EndGlobal
